
Microsoft Visual Studio Solution File, Format Version 12.00
# Visual Studio Version 17
VisualStudioVersion = 17.5.002.0
MinimumVisualStudioVersion = 10.0.40219.1
Project("{9A19103F-16F7-4668-BE54-9A1E7A4F7556}") = "Minerals.AutoDomain", "Minerals.AutoDomain\Minerals.AutoDomain.csproj", "{D0B7961D-E00A-4D2A-AE58-F2AFBFAD014F}"
EndProject
Project("{FAE04EC0-301F-11D3-BF4B-00C04F79EFBC}") = "Minerals.AutoDomain.Tests", "Minerals.AutoDomain.Tests\Minerals.AutoDomain.Tests.csproj", "{B40CECE5-7B81-42CE-8AD4-3E5E38DB96E5}"
EndProject
Project("{FAE04EC0-301F-11D3-BF4B-00C04F79EFBC}") = "Minerals.AutoDomain.Benchmarks", "Minerals.AutoDomain.Benchmarks\Minerals.AutoDomain.Benchmarks.csproj", "{46A055E4-A502-4A1F-BCD1-9FCB6197C57E}"
EndProject
Global
	GlobalSection(SolutionConfigurationPlatforms) = preSolution
		Debug|Any CPU = Debug|Any CPU
		Release|Any CPU = Release|Any CPU
	EndGlobalSection
	GlobalSection(ProjectConfigurationPlatforms) = postSolution
		{D0B7961D-E00A-4D2A-AE58-F2AFBFAD014F}.Debug|Any CPU.ActiveCfg = Debug|Any CPU
		{D0B7961D-E00A-4D2A-AE58-F2AFBFAD014F}.Debug|Any CPU.Build.0 = Debug|Any CPU
		{D0B7961D-E00A-4D2A-AE58-F2AFBFAD014F}.Release|Any CPU.ActiveCfg = Release|Any CPU
		{D0B7961D-E00A-4D2A-AE58-F2AFBFAD014F}.Release|Any CPU.Build.0 = Release|Any CPU
		{B40CECE5-7B81-42CE-8AD4-3E5E38DB96E5}.Debug|Any CPU.ActiveCfg = Debug|Any CPU
		{B40CECE5-7B81-42CE-8AD4-3E5E38DB96E5}.Debug|Any CPU.Build.0 = Debug|Any CPU
		{B40CECE5-7B81-42CE-8AD4-3E5E38DB96E5}.Release|Any CPU.ActiveCfg = Release|Any CPU
		{B40CECE5-7B81-42CE-8AD4-3E5E38DB96E5}.Release|Any CPU.Build.0 = Release|Any CPU
		{46A055E4-A502-4A1F-BCD1-9FCB6197C57E}.Debug|Any CPU.ActiveCfg = Debug|Any CPU
		{46A055E4-A502-4A1F-BCD1-9FCB6197C57E}.Debug|Any CPU.Build.0 = Debug|Any CPU
		{46A055E4-A502-4A1F-BCD1-9FCB6197C57E}.Release|Any CPU.ActiveCfg = Release|Any CPU
		{46A055E4-A502-4A1F-BCD1-9FCB6197C57E}.Release|Any CPU.Build.0 = Release|Any CPU
	EndGlobalSection
	GlobalSection(SolutionProperties) = preSolution
		HideSolutionNode = FALSE
	EndGlobalSection
	GlobalSection(ExtensibilityGlobals) = postSolution
		SolutionGuid = {2E3BD331-2B5C-433A-A3AD-7A71BAB1DF07}
	EndGlobalSection
EndGlobal
