
Microsoft Visual Studio Solution File, Format Version 12.00
# Visual Studio Version 17
VisualStudioVersion = 17.5.002.0
MinimumVisualStudioVersion = 10.0.40219.1
Project("{9A19103F-16F7-4668-BE54-9A1E7A4F7556}") = "Minerals.AutoDomain", "Minerals.AutoDomain\Minerals.AutoDomain.csproj", "{FDF4650F-FC44-43BD-8434-6705D96DE861}"
EndProject
Project("{9A19103F-16F7-4668-BE54-9A1E7A4F7556}") = "Minerals.AutoDomain.Benchmarks", "Minerals.AutoDomain.Benchmarks\Minerals.AutoDomain.Benchmarks.csproj", "{7CCB313B-C219-4D5E-B2AD-17808E4F691D}"
EndProject
Project("{9A19103F-16F7-4668-BE54-9A1E7A4F7556}") = "Minerals.AutoDomain.Generators", "Minerals.AutoDomain.Generators\Minerals.AutoDomain.Generators.csproj", "{BC0A8622-152F-43B8-A31E-5D15963BD58E}"
EndProject
Project("{9A19103F-16F7-4668-BE54-9A1E7A4F7556}") = "Minerals.AutoDomain.Tests", "Minerals.AutoDomain.Tests\Minerals.AutoDomain.Tests.csproj", "{6DDF88A2-9096-4DF2-8E2F-CCBE1CACB238}"
EndProject
Global
	GlobalSection(SolutionConfigurationPlatforms) = preSolution
		Debug|Any CPU = Debug|Any CPU
		Release|Any CPU = Release|Any CPU
	EndGlobalSection
	GlobalSection(ProjectConfigurationPlatforms) = postSolution
		{FDF4650F-FC44-43BD-8434-6705D96DE861}.Debug|Any CPU.ActiveCfg = Debug|Any CPU
		{FDF4650F-FC44-43BD-8434-6705D96DE861}.Debug|Any CPU.Build.0 = Debug|Any CPU
		{FDF4650F-FC44-43BD-8434-6705D96DE861}.Release|Any CPU.ActiveCfg = Release|Any CPU
		{FDF4650F-FC44-43BD-8434-6705D96DE861}.Release|Any CPU.Build.0 = Release|Any CPU
		{7CCB313B-C219-4D5E-B2AD-17808E4F691D}.Debug|Any CPU.ActiveCfg = Debug|Any CPU
		{7CCB313B-C219-4D5E-B2AD-17808E4F691D}.Debug|Any CPU.Build.0 = Debug|Any CPU
		{7CCB313B-C219-4D5E-B2AD-17808E4F691D}.Release|Any CPU.ActiveCfg = Release|Any CPU
		{7CCB313B-C219-4D5E-B2AD-17808E4F691D}.Release|Any CPU.Build.0 = Release|Any CPU
		{BC0A8622-152F-43B8-A31E-5D15963BD58E}.Debug|Any CPU.ActiveCfg = Debug|Any CPU
		{BC0A8622-152F-43B8-A31E-5D15963BD58E}.Debug|Any CPU.Build.0 = Debug|Any CPU
		{BC0A8622-152F-43B8-A31E-5D15963BD58E}.Release|Any CPU.ActiveCfg = Release|Any CPU
		{BC0A8622-152F-43B8-A31E-5D15963BD58E}.Release|Any CPU.Build.0 = Release|Any CPU
		{6DDF88A2-9096-4DF2-8E2F-CCBE1CACB238}.Debug|Any CPU.ActiveCfg = Debug|Any CPU
		{6DDF88A2-9096-4DF2-8E2F-CCBE1CACB238}.Debug|Any CPU.Build.0 = Debug|Any CPU
		{6DDF88A2-9096-4DF2-8E2F-CCBE1CACB238}.Release|Any CPU.ActiveCfg = Release|Any CPU
		{6DDF88A2-9096-4DF2-8E2F-CCBE1CACB238}.Release|Any CPU.Build.0 = Release|Any CPU
	EndGlobalSection
	GlobalSection(SolutionProperties) = preSolution
		HideSolutionNode = FALSE
	EndGlobalSection
	GlobalSection(ExtensibilityGlobals) = postSolution
		SolutionGuid = {C49D5939-60F1-4269-96EF-3F1ACE587CC3}
	EndGlobalSection
EndGlobal
