
Microsoft Visual Studio Solution File, Format Version 12.00
# Visual Studio Version 17
VisualStudioVersion = 17.5.002.0
MinimumVisualStudioVersion = 10.0.40219.1
Project("{9A19103F-16F7-4668-BE54-9A1E7A4F7556}") = "Minerals.AutoDomain", "Minerals.AutoDomain\Minerals.AutoDomain.csproj", "{A7B7BA87-8391-42CB-BD10-FAA8579FF1BE}"
EndProject
Project("{9A19103F-16F7-4668-BE54-9A1E7A4F7556}") = "Minerals.AutoDomain.Benchmarks", "Minerals.AutoDomain.Benchmarks\Minerals.AutoDomain.Benchmarks.csproj", "{BA66DC73-06B1-487F-B570-E847EE8B196D}"
EndProject
Project("{9A19103F-16F7-4668-BE54-9A1E7A4F7556}") = "Minerals.AutoDomain.Tests", "Minerals.AutoDomain.Tests\Minerals.AutoDomain.Tests.csproj", "{3FD214B1-3676-40A9-A68A-06F19F110798}"
EndProject
Global
	GlobalSection(SolutionConfigurationPlatforms) = preSolution
		Debug|Any CPU = Debug|Any CPU
		Release|Any CPU = Release|Any CPU
	EndGlobalSection
	GlobalSection(ProjectConfigurationPlatforms) = postSolution
		{A7B7BA87-8391-42CB-BD10-FAA8579FF1BE}.Debug|Any CPU.ActiveCfg = Debug|Any CPU
		{A7B7BA87-8391-42CB-BD10-FAA8579FF1BE}.Debug|Any CPU.Build.0 = Debug|Any CPU
		{A7B7BA87-8391-42CB-BD10-FAA8579FF1BE}.Release|Any CPU.ActiveCfg = Release|Any CPU
		{A7B7BA87-8391-42CB-BD10-FAA8579FF1BE}.Release|Any CPU.Build.0 = Release|Any CPU
		{BA66DC73-06B1-487F-B570-E847EE8B196D}.Debug|Any CPU.ActiveCfg = Debug|Any CPU
		{BA66DC73-06B1-487F-B570-E847EE8B196D}.Debug|Any CPU.Build.0 = Debug|Any CPU
		{BA66DC73-06B1-487F-B570-E847EE8B196D}.Release|Any CPU.ActiveCfg = Release|Any CPU
		{BA66DC73-06B1-487F-B570-E847EE8B196D}.Release|Any CPU.Build.0 = Release|Any CPU
		{3FD214B1-3676-40A9-A68A-06F19F110798}.Debug|Any CPU.ActiveCfg = Debug|Any CPU
		{3FD214B1-3676-40A9-A68A-06F19F110798}.Debug|Any CPU.Build.0 = Debug|Any CPU
		{3FD214B1-3676-40A9-A68A-06F19F110798}.Release|Any CPU.ActiveCfg = Release|Any CPU
		{3FD214B1-3676-40A9-A68A-06F19F110798}.Release|Any CPU.Build.0 = Release|Any CPU
	EndGlobalSection
	GlobalSection(SolutionProperties) = preSolution
		HideSolutionNode = FALSE
	EndGlobalSection
	GlobalSection(ExtensibilityGlobals) = postSolution
		SolutionGuid = {F115DB6B-37CF-46EB-8671-C7FCB7304881}
	EndGlobalSection
EndGlobal
